
Microsoft Visual Studio Solution File, Format Version 12.00
# Visual Studio Version 17
VisualStudioVersion = 17.13.35825.156
MinimumVisualStudioVersion = 10.0.40219.1
Project("{FAE04EC0-301F-11D3-BF4B-00C04F79EFBC}") = "NutriSync.Core", "NutriSync.Core\NutriSync.Core.csproj", "{3E1D162D-9C7D-4476-8B58-D6045CD6C4C0}"
EndProject
Project("{FAE04EC0-301F-11D3-BF4B-00C04F79EFBC}") = "NutriSync.Infra", "NutriSync.Infra\NutriSync.Infra.csproj", "{C991532A-E5C7-4AF2-A0C7-89E771E2B9BB}"
EndProject
Project("{FAE04EC0-301F-11D3-BF4B-00C04F79EFBC}") = "NutriSync.Application", "NutriSync.Application\NutriSync.Application.csproj", "{6BBABBE8-94E8-4A76-99EA-691ED2CDB7A7}"
EndProject
Project("{FAE04EC0-301F-11D3-BF4B-00C04F79EFBC}") = "NutriSync.API", "NutriSync.API\NutriSync.API.csproj", "{7779DEF3-C57D-40C3-92B1-21C4E821B71D}"
EndProject
Global
	GlobalSection(SolutionConfigurationPlatforms) = preSolution
		Debug|Any CPU = Debug|Any CPU
		Release|Any CPU = Release|Any CPU
	EndGlobalSection
	GlobalSection(ProjectConfigurationPlatforms) = postSolution
		{3E1D162D-9C7D-4476-8B58-D6045CD6C4C0}.Debug|Any CPU.ActiveCfg = Debug|Any CPU
		{3E1D162D-9C7D-4476-8B58-D6045CD6C4C0}.Debug|Any CPU.Build.0 = Debug|Any CPU
		{3E1D162D-9C7D-4476-8B58-D6045CD6C4C0}.Release|Any CPU.ActiveCfg = Release|Any CPU
		{3E1D162D-9C7D-4476-8B58-D6045CD6C4C0}.Release|Any CPU.Build.0 = Release|Any CPU
		{C991532A-E5C7-4AF2-A0C7-89E771E2B9BB}.Debug|Any CPU.ActiveCfg = Debug|Any CPU
		{C991532A-E5C7-4AF2-A0C7-89E771E2B9BB}.Debug|Any CPU.Build.0 = Debug|Any CPU
		{C991532A-E5C7-4AF2-A0C7-89E771E2B9BB}.Release|Any CPU.ActiveCfg = Release|Any CPU
		{C991532A-E5C7-4AF2-A0C7-89E771E2B9BB}.Release|Any CPU.Build.0 = Release|Any CPU
		{6BBABBE8-94E8-4A76-99EA-691ED2CDB7A7}.Debug|Any CPU.ActiveCfg = Debug|Any CPU
		{6BBABBE8-94E8-4A76-99EA-691ED2CDB7A7}.Debug|Any CPU.Build.0 = Debug|Any CPU
		{6BBABBE8-94E8-4A76-99EA-691ED2CDB7A7}.Release|Any CPU.ActiveCfg = Release|Any CPU
		{6BBABBE8-94E8-4A76-99EA-691ED2CDB7A7}.Release|Any CPU.Build.0 = Release|Any CPU
		{7779DEF3-C57D-40C3-92B1-21C4E821B71D}.Debug|Any CPU.ActiveCfg = Debug|Any CPU
		{7779DEF3-C57D-40C3-92B1-21C4E821B71D}.Debug|Any CPU.Build.0 = Debug|Any CPU
		{7779DEF3-C57D-40C3-92B1-21C4E821B71D}.Release|Any CPU.ActiveCfg = Release|Any CPU
		{7779DEF3-C57D-40C3-92B1-21C4E821B71D}.Release|Any CPU.Build.0 = Release|Any CPU
	EndGlobalSection
	GlobalSection(SolutionProperties) = preSolution
		HideSolutionNode = FALSE
	EndGlobalSection
	GlobalSection(ExtensibilityGlobals) = postSolution
		SolutionGuid = {F6D26CE4-B611-4026-8C77-F2621FAF7F30}
	EndGlobalSection
EndGlobal
